
Microsoft Visual Studio Solution File, Format Version 11.00
# Visual C# Express 2010
Project("{FAE04EC0-301F-11D3-BF4B-00C04F79EFBC}") = "UusiPeli", "UusiPeli\UusiPeli\UusiPeli.csproj", "{BBD241A9-DDE2-4EBD-B67A-1035285CA9D3}"
EndProject
Project("{96E2B04D-8817-42C6-938A-82C39BA4D311}") = "UusiPeliContent", "UusiPeli\UusiPeliContent\UusiPeliContent.contentproj", "{57F38E42-095E-43B8-A023-D9993EC7048E}"
EndProject
Global
	GlobalSection(SolutionConfigurationPlatforms) = preSolution
		Debug|x86 = Debug|x86
		Release|x86 = Release|x86
	EndGlobalSection
	GlobalSection(ProjectConfigurationPlatforms) = postSolution
		{BBD241A9-DDE2-4EBD-B67A-1035285CA9D3}.Debug|x86.ActiveCfg = Debug|x86
		{BBD241A9-DDE2-4EBD-B67A-1035285CA9D3}.Debug|x86.Build.0 = Debug|x86
		{BBD241A9-DDE2-4EBD-B67A-1035285CA9D3}.Release|x86.ActiveCfg = Release|x86
		{BBD241A9-DDE2-4EBD-B67A-1035285CA9D3}.Release|x86.Build.0 = Release|x86
		{57F38E42-095E-43B8-A023-D9993EC7048E}.Debug|x86.ActiveCfg = Debug|x86
		{57F38E42-095E-43B8-A023-D9993EC7048E}.Release|x86.ActiveCfg = Release|x86
	EndGlobalSection
	GlobalSection(SolutionProperties) = preSolution
		HideSolutionNode = FALSE
	EndGlobalSection
EndGlobal
